
Microsoft Visual Studio Solution File, Format Version 12.00
# Visual Studio 15
VisualStudioVersion = 15.0.26124.0
MinimumVisualStudioVersion = 15.0.26124.0
Project("{FAE04EC0-301F-11D3-BF4B-00C04F79EFBC}") = "Domain", "Domain\Domain.csproj", "{F2741EBB-2C31-4806-8531-FB0D4A4DBC8D}"
EndProject
Project("{FAE04EC0-301F-11D3-BF4B-00C04F79EFBC}") = "Application", "Application\Application.csproj", "{2ADEBED8-1E6E-48AA-8918-D6CCA5C2D949}"
EndProject
Project("{FAE04EC0-301F-11D3-BF4B-00C04F79EFBC}") = "Persistence", "Persistence\Persistence.csproj", "{015EE892-A8BC-44B6-AD69-3A805EED4DB2}"
EndProject
Project("{FAE04EC0-301F-11D3-BF4B-00C04F79EFBC}") = "API", "API\API.csproj", "{3360FC68-B0E5-4F68-A24B-F9CBCC17B1CD}"
EndProject
Project("{FAE04EC0-301F-11D3-BF4B-00C04F79EFBC}") = "Infrastructure", "Infrastructure\Infrastructure.csproj", "{547EF27F-F419-41E5-86D7-E42310D4D92A}"
EndProject
Global
	GlobalSection(SolutionConfigurationPlatforms) = preSolution
		Debug|Any CPU = Debug|Any CPU
		Debug|x64 = Debug|x64
		Debug|x86 = Debug|x86
		Release|Any CPU = Release|Any CPU
		Release|x64 = Release|x64
		Release|x86 = Release|x86
	EndGlobalSection
	GlobalSection(SolutionProperties) = preSolution
		HideSolutionNode = FALSE
	EndGlobalSection
	GlobalSection(ProjectConfigurationPlatforms) = postSolution
		{F2741EBB-2C31-4806-8531-FB0D4A4DBC8D}.Debug|Any CPU.ActiveCfg = Debug|Any CPU
		{F2741EBB-2C31-4806-8531-FB0D4A4DBC8D}.Debug|Any CPU.Build.0 = Debug|Any CPU
		{F2741EBB-2C31-4806-8531-FB0D4A4DBC8D}.Debug|x64.ActiveCfg = Debug|Any CPU
		{F2741EBB-2C31-4806-8531-FB0D4A4DBC8D}.Debug|x64.Build.0 = Debug|Any CPU
		{F2741EBB-2C31-4806-8531-FB0D4A4DBC8D}.Debug|x86.ActiveCfg = Debug|Any CPU
		{F2741EBB-2C31-4806-8531-FB0D4A4DBC8D}.Debug|x86.Build.0 = Debug|Any CPU
		{F2741EBB-2C31-4806-8531-FB0D4A4DBC8D}.Release|Any CPU.ActiveCfg = Release|Any CPU
		{F2741EBB-2C31-4806-8531-FB0D4A4DBC8D}.Release|Any CPU.Build.0 = Release|Any CPU
		{F2741EBB-2C31-4806-8531-FB0D4A4DBC8D}.Release|x64.ActiveCfg = Release|Any CPU
		{F2741EBB-2C31-4806-8531-FB0D4A4DBC8D}.Release|x64.Build.0 = Release|Any CPU
		{F2741EBB-2C31-4806-8531-FB0D4A4DBC8D}.Release|x86.ActiveCfg = Release|Any CPU
		{F2741EBB-2C31-4806-8531-FB0D4A4DBC8D}.Release|x86.Build.0 = Release|Any CPU
		{2ADEBED8-1E6E-48AA-8918-D6CCA5C2D949}.Debug|Any CPU.ActiveCfg = Debug|Any CPU
		{2ADEBED8-1E6E-48AA-8918-D6CCA5C2D949}.Debug|Any CPU.Build.0 = Debug|Any CPU
		{2ADEBED8-1E6E-48AA-8918-D6CCA5C2D949}.Debug|x64.ActiveCfg = Debug|Any CPU
		{2ADEBED8-1E6E-48AA-8918-D6CCA5C2D949}.Debug|x64.Build.0 = Debug|Any CPU
		{2ADEBED8-1E6E-48AA-8918-D6CCA5C2D949}.Debug|x86.ActiveCfg = Debug|Any CPU
		{2ADEBED8-1E6E-48AA-8918-D6CCA5C2D949}.Debug|x86.Build.0 = Debug|Any CPU
		{2ADEBED8-1E6E-48AA-8918-D6CCA5C2D949}.Release|Any CPU.ActiveCfg = Release|Any CPU
		{2ADEBED8-1E6E-48AA-8918-D6CCA5C2D949}.Release|Any CPU.Build.0 = Release|Any CPU
		{2ADEBED8-1E6E-48AA-8918-D6CCA5C2D949}.Release|x64.ActiveCfg = Release|Any CPU
		{2ADEBED8-1E6E-48AA-8918-D6CCA5C2D949}.Release|x64.Build.0 = Release|Any CPU
		{2ADEBED8-1E6E-48AA-8918-D6CCA5C2D949}.Release|x86.ActiveCfg = Release|Any CPU
		{2ADEBED8-1E6E-48AA-8918-D6CCA5C2D949}.Release|x86.Build.0 = Release|Any CPU
		{015EE892-A8BC-44B6-AD69-3A805EED4DB2}.Debug|Any CPU.ActiveCfg = Debug|Any CPU
		{015EE892-A8BC-44B6-AD69-3A805EED4DB2}.Debug|Any CPU.Build.0 = Debug|Any CPU
		{015EE892-A8BC-44B6-AD69-3A805EED4DB2}.Debug|x64.ActiveCfg = Debug|Any CPU
		{015EE892-A8BC-44B6-AD69-3A805EED4DB2}.Debug|x64.Build.0 = Debug|Any CPU
		{015EE892-A8BC-44B6-AD69-3A805EED4DB2}.Debug|x86.ActiveCfg = Debug|Any CPU
		{015EE892-A8BC-44B6-AD69-3A805EED4DB2}.Debug|x86.Build.0 = Debug|Any CPU
		{015EE892-A8BC-44B6-AD69-3A805EED4DB2}.Release|Any CPU.ActiveCfg = Release|Any CPU
		{015EE892-A8BC-44B6-AD69-3A805EED4DB2}.Release|Any CPU.Build.0 = Release|Any CPU
		{015EE892-A8BC-44B6-AD69-3A805EED4DB2}.Release|x64.ActiveCfg = Release|Any CPU
		{015EE892-A8BC-44B6-AD69-3A805EED4DB2}.Release|x64.Build.0 = Release|Any CPU
		{015EE892-A8BC-44B6-AD69-3A805EED4DB2}.Release|x86.ActiveCfg = Release|Any CPU
		{015EE892-A8BC-44B6-AD69-3A805EED4DB2}.Release|x86.Build.0 = Release|Any CPU
		{3360FC68-B0E5-4F68-A24B-F9CBCC17B1CD}.Debug|Any CPU.ActiveCfg = Debug|Any CPU
		{3360FC68-B0E5-4F68-A24B-F9CBCC17B1CD}.Debug|Any CPU.Build.0 = Debug|Any CPU
		{3360FC68-B0E5-4F68-A24B-F9CBCC17B1CD}.Debug|x64.ActiveCfg = Debug|Any CPU
		{3360FC68-B0E5-4F68-A24B-F9CBCC17B1CD}.Debug|x64.Build.0 = Debug|Any CPU
		{3360FC68-B0E5-4F68-A24B-F9CBCC17B1CD}.Debug|x86.ActiveCfg = Debug|Any CPU
		{3360FC68-B0E5-4F68-A24B-F9CBCC17B1CD}.Debug|x86.Build.0 = Debug|Any CPU
		{3360FC68-B0E5-4F68-A24B-F9CBCC17B1CD}.Release|Any CPU.ActiveCfg = Release|Any CPU
		{3360FC68-B0E5-4F68-A24B-F9CBCC17B1CD}.Release|Any CPU.Build.0 = Release|Any CPU
		{3360FC68-B0E5-4F68-A24B-F9CBCC17B1CD}.Release|x64.ActiveCfg = Release|Any CPU
		{3360FC68-B0E5-4F68-A24B-F9CBCC17B1CD}.Release|x64.Build.0 = Release|Any CPU
		{3360FC68-B0E5-4F68-A24B-F9CBCC17B1CD}.Release|x86.ActiveCfg = Release|Any CPU
		{3360FC68-B0E5-4F68-A24B-F9CBCC17B1CD}.Release|x86.Build.0 = Release|Any CPU
		{547EF27F-F419-41E5-86D7-E42310D4D92A}.Debug|Any CPU.ActiveCfg = Debug|Any CPU
		{547EF27F-F419-41E5-86D7-E42310D4D92A}.Debug|Any CPU.Build.0 = Debug|Any CPU
		{547EF27F-F419-41E5-86D7-E42310D4D92A}.Debug|x64.ActiveCfg = Debug|Any CPU
		{547EF27F-F419-41E5-86D7-E42310D4D92A}.Debug|x64.Build.0 = Debug|Any CPU
		{547EF27F-F419-41E5-86D7-E42310D4D92A}.Debug|x86.ActiveCfg = Debug|Any CPU
		{547EF27F-F419-41E5-86D7-E42310D4D92A}.Debug|x86.Build.0 = Debug|Any CPU
		{547EF27F-F419-41E5-86D7-E42310D4D92A}.Release|Any CPU.ActiveCfg = Release|Any CPU
		{547EF27F-F419-41E5-86D7-E42310D4D92A}.Release|Any CPU.Build.0 = Release|Any CPU
		{547EF27F-F419-41E5-86D7-E42310D4D92A}.Release|x64.ActiveCfg = Release|Any CPU
		{547EF27F-F419-41E5-86D7-E42310D4D92A}.Release|x64.Build.0 = Release|Any CPU
		{547EF27F-F419-41E5-86D7-E42310D4D92A}.Release|x86.ActiveCfg = Release|Any CPU
		{547EF27F-F419-41E5-86D7-E42310D4D92A}.Release|x86.Build.0 = Release|Any CPU
	EndGlobalSection
EndGlobal
